<?xml version="1.0" encoding="utf-8"?>
<Project ToolsVersion="4.0" xmlns="http://schemas.microsoft.com/developer/msbuild/2003">
  <ItemGroup>
    <ClCompile Include="Source\Main\Application.cpp">
      <Filter>Sources</Filter>
    </ClCompile>
    <ClCompile Include="Source\Behaviours\Camera.cpp">
      <Filter>Sources</Filter>
    </ClCompile>
    <ClCompile Include="Source\Behaviours\Collider.cpp">
      <Filter>Sources</Filter>
    </ClCompile>
    <ClCompile Include="Source\Behaviours\Controller.cpp">
      <Filter>Sources</Filter>
    </ClCompile>
    <ClCompile Include="Source\Utilities\DDSTextureLoader.cpp">
      <Filter>Sources</Filter>
    </ClCompile>
    <ClCompile Include="Source\Utilities\FrameResource.cpp">
      <Filter>Sources</Filter>
    </ClCompile>
    <ClCompile Include="Source\Main\Game.cpp">
      <Filter>Sources</Filter>
    </ClCompile>
    <ClCompile Include="Source\Utilities\GameCameras.cpp">
      <Filter>Sources</Filter>
    </ClCompile>
    <ClCompile Include="Source\Utilities\GameObject.cpp">
      <Filter>Sources</Filter>
    </ClCompile>
    <ClCompile Include="Source\Utilities\GameTime.cpp">
      <Filter>Sources</Filter>
    </ClCompile>
    <ClCompile Include="Source\Utilities\GeometryGenerator.cpp">
      <Filter>Sources</Filter>
    </ClCompile>
    <ClCompile Include="Source\Utilities\Triggers\Goal.cpp">
      <Filter>Sources</Filter>
    </ClCompile>
    <ClCompile Include="Source\Behaviours\Mesh.cpp">
      <Filter>Sources</Filter>
    </ClCompile>
    <ClCompile Include="Source\Behaviours\Physics.cpp">
      <Filter>Sources</Filter>
    </ClCompile>
    <ClCompile Include="Source\Behaviours\PhysicsBody.cpp">
      <Filter>Sources</Filter>
    </ClCompile>
    <ClCompile Include="Source\Behaviours\Player.cpp">
      <Filter>Sources</Filter>
    </ClCompile>
    <ClCompile Include="Source\Utilities\Render.cpp">
      <Filter>Sources</Filter>
    </ClCompile>
    <ClCompile Include="Source\Main\Source.cpp">
      <Filter>Sources</Filter>
    </ClCompile>
    <ClCompile Include="Source\Utilities\WavefrontReader.cpp">
      <Filter>Sources</Filter>
    </ClCompile>
  </ItemGroup>
  <ItemGroup>
    <ClInclude Include="Headers\Behaviours\AngularMotion.h">
      <Filter>Headers</Filter>
    </ClInclude>
    <ClInclude Include="Headers\Main\Application.h">
      <Filter>Headers</Filter>
    </ClInclude>
    <ClInclude Include="Headers\Behaviours\Behaviour.h">
      <Filter>Headers</Filter>
    </ClInclude>
    <ClInclude Include="Headers\Behaviours\Camera.h">
      <Filter>Headers</Filter>
    </ClInclude>
    <ClInclude Include="Headers\Behaviours\Collider.h">
      <Filter>Headers</Filter>
    </ClInclude>
    <ClInclude Include="Headers\Utilities\Constants.h">
      <Filter>Headers</Filter>
    </ClInclude>
    <ClInclude Include="Headers\Behaviours\Controller.h">
      <Filter>Headers</Filter>
    </ClInclude>
    <ClInclude Include="Headers\Utilities\d3dx12.h">
      <Filter>Headers</Filter>
    </ClInclude>
    <ClInclude Include="Headers\Utilities\DDSTextureLoader.h">
      <Filter>Headers</Filter>
    </ClInclude>
    <ClInclude Include="Headers\Utilities\FrameResource.h">
      <Filter>Headers</Filter>
    </ClInclude>
    <ClInclude Include="Headers\Main\Game.h">
      <Filter>Headers</Filter>
    </ClInclude>
    <ClInclude Include="Headers\Utilities\GameCameras.h">
      <Filter>Headers</Filter>
    </ClInclude>
    <ClInclude Include="Headers\Utilities\GameObject.h">
      <Filter>Headers</Filter>
    </ClInclude>
    <ClInclude Include="Headers\Utilities\GameTime.h">
      <Filter>Headers</Filter>
    </ClInclude>
    <ClInclude Include="Headers\Utilities\GeometryGenerator.h">
      <Filter>Headers</Filter>
    </ClInclude>
    <ClInclude Include="Headers\Utilities\Triggers\Goal.h">
      <Filter>Headers</Filter>
    </ClInclude>
    <ClInclude Include="Headers\Behaviours\LinearMotion.h">
      <Filter>Headers</Filter>
    </ClInclude>
    <ClInclude Include="Headers\Utilities\MathHelper.h">
      <Filter>Headers</Filter>
    </ClInclude>
    <ClInclude Include="Headers\Behaviours\Mesh.h">
      <Filter>Headers</Filter>
    </ClInclude>
    <ClInclude Include="Headers\Behaviours\Physics.h">
      <Filter>Headers</Filter>
    </ClInclude>
    <ClInclude Include="Headers\Behaviours\PhysicsBody.h">
      <Filter>Headers</Filter>
    </ClInclude>
    <ClInclude Include="Headers\Behaviours\Player.h">
      <Filter>Headers</Filter>
    </ClInclude>
    <ClInclude Include="Headers\Utilities\Render.h">
      <Filter>Headers</Filter>
    </ClInclude>
    <ClInclude Include="Headers\Utilities\Trigger.h">
      <Filter>Headers</Filter>
    </ClInclude>
    <ClInclude Include="Headers\Utilities\UploadBuffer.h">
      <Filter>Headers</Filter>
    </ClInclude>
    <ClInclude Include="Headers\Utilities\Utilities.h">
      <Filter>Headers</Filter>
    </ClInclude>
    <ClInclude Include="Headers\Utilities\WavefrontReader.h">
      <Filter>Headers</Filter>
    </ClInclude>
  </ItemGroup>
  <ItemGroup>
    <Filter Include="Sources">
      <UniqueIdentifier>{1963f5df-5ce8-44fc-996c-d811ecc174b5}</UniqueIdentifier>
    </Filter>
    <Filter Include="Headers">
      <UniqueIdentifier>{ed742b01-dfaf-497a-bab0-764c6414b8f8}</UniqueIdentifier>
    </Filter>
  </ItemGroup>
</Project>