<?xml version="1.0" encoding="utf-8"?>
<Project ToolsVersion="4.0" xmlns="http://schemas.microsoft.com/developer/msbuild/2003">
  <ItemGroup>
    <ClCompile Include="Source\Behaviours\Camera.cpp" />
    <ClCompile Include="Source\Behaviours\Collider.cpp" />
    <ClCompile Include="Source\Behaviours\Controller.cpp" />
    <ClCompile Include="Source\Behaviours\Mesh.cpp" />
    <ClCompile Include="Source\Behaviours\Physics.cpp" />
    <ClCompile Include="Source\Behaviours\PhysicsBody.cpp" />
    <ClCompile Include="Source\Behaviours\Player.cpp" />
    <ClCompile Include="Source\Main\Application.cpp" />
    <ClCompile Include="Source\Main\Game.cpp" />
    <ClCompile Include="Source\Main\Source.cpp" />
    <ClCompile Include="Source\Utilities\DDSTextureLoader.cpp" />
    <ClCompile Include="Source\Utilities\FrameResource.cpp" />
    <ClCompile Include="Source\Utilities\GameCameras.cpp" />
    <ClCompile Include="Source\Utilities\GameObject.cpp" />
    <ClCompile Include="Source\Utilities\GameTime.cpp" />
    <ClCompile Include="Source\Utilities\GeometryGenerator.cpp" />
    <ClCompile Include="Source\Utilities\Render.cpp" />
    <ClCompile Include="Source\Utilities\Triggers\Goal.cpp" />
    <ClCompile Include="Source\Utilities\WavefrontReader.cpp" />
  </ItemGroup>
  <ItemGroup>
    <ClInclude Include="Headers\Behaviours\AngularMotion.h" />
    <ClInclude Include="Headers\Behaviours\Behaviour.h" />
    <ClInclude Include="Headers\Behaviours\Camera.h" />
    <ClInclude Include="Headers\Behaviours\Collider.h" />
    <ClInclude Include="Headers\Behaviours\Controller.h" />
    <ClInclude Include="Headers\Behaviours\LinearMotion.h" />
    <ClInclude Include="Headers\Behaviours\Mesh.h" />
    <ClInclude Include="Headers\Behaviours\Physics.h" />
    <ClInclude Include="Headers\Behaviours\PhysicsBody.h" />
    <ClInclude Include="Headers\Behaviours\Player.h" />
    <ClInclude Include="Headers\Main\Application.h" />
    <ClInclude Include="Headers\Main\Game.h" />
    <ClInclude Include="Headers\Utilities\Constants.h" />
    <ClInclude Include="Headers\Utilities\d3dx12.h" />
    <ClInclude Include="Headers\Utilities\DDSTextureLoader.h" />
    <ClInclude Include="Headers\Utilities\FrameResource.h" />
    <ClInclude Include="Headers\Utilities\GameCameras.h" />
    <ClInclude Include="Headers\Utilities\GameObject.h" />
    <ClInclude Include="Headers\Utilities\GameTime.h" />
    <ClInclude Include="Headers\Utilities\GeometryGenerator.h" />
    <ClInclude Include="Headers\Utilities\MathHelper.h" />
    <ClInclude Include="Headers\Utilities\Render.h" />
    <ClInclude Include="Headers\Utilities\Trigger.h" />
    <ClInclude Include="Headers\Utilities\Triggers\Goal.h" />
    <ClInclude Include="Headers\Utilities\UploadBuffer.h" />
    <ClInclude Include="Headers\Utilities\Utilities.h" />
    <ClInclude Include="Headers\Utilities\WavefrontReader.h" />
    <ClInclude Include="Headers\Utilities\MyGrid.h" />
    <ClInclude Include="Headers\Utilities\Node.h" />
    <ClInclude Include="Headers\Behaviours\Pathfinding.h" />
  </ItemGroup>
</Project>