<?xml version="1.0" encoding="utf-8"?>
<Project ToolsVersion="4.0" xmlns="http://schemas.microsoft.com/developer/msbuild/2003">
  <ItemGroup>
    <ClCompile Include="Source\Behaviours\Platform.cpp" />
    <ClCompile Include="Source\Main\GameState.cpp" />
    <ClCompile Include="Source\Main\LBDGame.cpp" />
    <ClCompile Include="Source\Behaviours\Camera.cpp" />
    <ClCompile Include="Source\Behaviours\Collider.cpp" />
    <ClCompile Include="Source\Behaviours\Controller.cpp" />
    <ClCompile Include="Source\Behaviours\Mesh.cpp" />
    <ClCompile Include="Source\Behaviours\Pathfinding.cpp" />
    <ClCompile Include="Source\Behaviours\Physics.cpp" />
    <ClCompile Include="Source\Behaviours\PhysicsBody.cpp" />
    <ClCompile Include="Source\Behaviours\Player.cpp" />
    <ClCompile Include="Source\Main\Application.cpp" />
    <ClCompile Include="Source\Main\Game.cpp" />
    <ClCompile Include="Source\Main\Source.cpp" />
    <ClCompile Include="Source\Utilities\DDSTextureLoader.cpp" />
    <ClCompile Include="Source\Utilities\FrameResource.cpp" />
    <ClCompile Include="Source\Utilities\GameCameras.cpp" />
    <ClCompile Include="Source\Utilities\GameObject.cpp" />
    <ClCompile Include="Source\Utilities\GameTime.cpp" />
    <ClCompile Include="Source\Utilities\GeometryGenerator.cpp" />
    <ClCompile Include="Source\Utilities\MyGrid.cpp" />
    <ClCompile Include="Source\Utilities\Render.cpp" />
    <ClCompile Include="Source\Utilities\Triggers\Goal.cpp" />
    <ClCompile Include="Source\Utilities\WavefrontReader.cpp" />
    <ClCompile Include="Source\Utilities\Triggers\Lava.cpp" />
    <ClCompile Include="Source\Behaviours\EnemyAI.cpp" />
  </ItemGroup>
  <ItemGroup>
    <ClInclude Include="Headers\Main\GameState.h" />
    <ClInclude Include="Headers\Behaviours\AngularMotion.h" />
    <ClInclude Include="Headers\Behaviours\Behaviour.h" />
    <ClInclude Include="Headers\Behaviours\Camera.h" />
    <ClInclude Include="Headers\Behaviours\Collider.h" />
    <ClInclude Include="Headers\Behaviours\Controller.h" />
    <ClInclude Include="Headers\Behaviours\LinearMotion.h" />
    <ClInclude Include="Headers\Behaviours\Mesh.h" />
    <ClInclude Include="Headers\Utilities\MyGrid.h" />
    <ClInclude Include="Headers\Behaviours\Pathfinding.h" />
    <ClInclude Include="Headers\Behaviours\Physics.h" />
    <ClInclude Include="Headers\Behaviours\PhysicsBody.h" />
    <ClInclude Include="Headers\Behaviours\Player.h" />
    <ClInclude Include="Headers\Main\Application.h" />
    <ClInclude Include="Headers\Main\Game.h" />
    <ClInclude Include="Headers\Utilities\Constants.h" />
    <ClInclude Include="Headers\Utilities\d3dx12.h" />
    <ClInclude Include="Headers\Utilities\DDSTextureLoader.h" />
    <ClInclude Include="Headers\Utilities\FrameResource.h" />
    <ClInclude Include="Headers\Utilities\GameCameras.h" />
    <ClInclude Include="Headers\Utilities\GameObject.h" />
    <ClInclude Include="Headers\Utilities\GameTime.h" />
    <ClInclude Include="Headers\Utilities\GeometryGenerator.h" />
    <ClInclude Include="Headers\Utilities\MathHelper.h" />
    <ClInclude Include="Headers\Utilities\Node.h" />
    <ClInclude Include="Headers\Utilities\Render.h" />
    <ClInclude Include="Headers\Utilities\Trigger.h" />
    <ClInclude Include="Headers\Utilities\Triggers\Goal.h" />
    <ClInclude Include="Headers\Utilities\UploadBuffer.h" />
    <ClInclude Include="Headers\Utilities\Utilities.h" />
    <ClInclude Include="Headers\Utilities\WavefrontReader.h" />
    <ClInclude Include="Headers\Main\LBDGame.h" />
    <ClInclude Include="Headers\Behaviours\Platform.h" />
    <ClInclude Include="Headers\Behaviours\EnemyAI.h" />
    <ClInclude Include="Headers\Utilities\Triggers\Lava.h" />
    <ClInclude Include="Libraries\GLTFSDK\AnimationUtils.h" />
    <ClInclude Include="Libraries\GLTFSDK\BufferBuilder.h" />
    <ClInclude Include="Libraries\GLTFSDK\Color.h" />
    <ClInclude Include="Libraries\GLTFSDK\Constants.h" />
    <ClInclude Include="Libraries\GLTFSDK\Deserialize.h" />
    <ClInclude Include="Libraries\GLTFSDK\Document.h" />
    <ClInclude Include="Libraries\GLTFSDK\Exceptions.h" />
    <ClInclude Include="Libraries\GLTFSDK\Extension.h" />
    <ClInclude Include="Libraries\GLTFSDK\ExtensionHandlers.h" />
    <ClInclude Include="Libraries\GLTFSDK\ExtensionsKHR.h" />
    <ClInclude Include="Libraries\GLTFSDK\ExtrasDocument.h" />
    <ClInclude Include="Libraries\GLTFSDK\GLBResourceReader.h" />
    <ClInclude Include="Libraries\GLTFSDK\GLBResourceWriter.h" />
    <ClInclude Include="Libraries\GLTFSDK\GLTF.h" />
    <ClInclude Include="Libraries\GLTFSDK\GLTFResourceReader.h" />
    <ClInclude Include="Libraries\GLTFSDK\GLTFResourceWriter.h" />
    <ClInclude Include="Libraries\GLTFSDK\IndexedContainer.h" />
    <ClInclude Include="Libraries\GLTFSDK\IStreamCache.h" />
    <ClInclude Include="Libraries\GLTFSDK\IStreamReader.h" />
    <ClInclude Include="Libraries\GLTFSDK\IStreamWriter.h" />
    <ClInclude Include="Libraries\GLTFSDK\Math.h" />
    <ClInclude Include="Libraries\GLTFSDK\MeshPrimitiveUtils.h" />
    <ClInclude Include="Libraries\GLTFSDK\MicrosoftGeneratorVersion.h" />
    <ClInclude Include="Libraries\GLTFSDK\Optional.h" />
    <ClInclude Include="Libraries\GLTFSDK\PBRUtils.h" />
    <ClInclude Include="Libraries\GLTFSDK\RapidJsonUtils.h" />
    <ClInclude Include="Libraries\GLTFSDK\ResourceReaderUtils.h" />
    <ClInclude Include="Libraries\GLTFSDK\ResourceWriter.h" />
    <ClInclude Include="Libraries\GLTFSDK\Schema.h" />
    <ClInclude Include="Libraries\GLTFSDK\SchemaValidation.h" />
    <ClInclude Include="Libraries\GLTFSDK\Serialize.h" />
    <ClInclude Include="Libraries\GLTFSDK\StreamCache.h" />
    <ClInclude Include="Libraries\GLTFSDK\StreamCacheLRU.h" />
    <ClInclude Include="Libraries\GLTFSDK\StreamUtils.h" />
    <ClInclude Include="Libraries\GLTFSDK\Traverse.h" />
    <ClInclude Include="Libraries\GLTFSDK\Validation.h" />
    <ClInclude Include="Libraries\GLTFSDK\Version.h" />
    <ClInclude Include="Libraries\GLTFSDK\Visitor.h" />
    <ClInclude Include="Libraries\SchemaJson.h" />
    <ClInclude Include="Headers\Utilities\GltfLoader.h" />
  </ItemGroup>
  <ItemGroup>
    <Library Include="Libraries\GLTFSDK.lib" />
  </ItemGroup>
</Project>